name: "Flake.lock: update Nix dependencies"
on:
  workflow_dispatch: # allow manual runs
  schedule:
    - cron: "0 12 * * 6" # every Saturday 12:00 UTC
permissions:
  contents: read
jobs:
  nix-flake-update:
    permissions:
      issues: write
      contents: write
      pull-requests: write
    runs-on: ubuntu-latest
    timeout-minutes: 20
    steps:
      - name: Checkout repository
        uses: actions/checkout@v7
      - name: Install Nix
        uses: ./.github/actions/install-nix
      - name: Update flake.lock
        uses: DeterminateSystems/update-flake-lock@main
        id: update
        with:
          commit-msg: "chore: bump flake.lock"
          pr-title: "chore: bump flake.lock"
          pr-labels: |
            dependencies
            automated
      - name: Enable auto-merge
        if: steps.update.outputs.pull-request-number != ''
        run: gh pr merge "${{ steps.update.outputs.pull-request-number }}" --auto --rebase
        env:
          GH_TOKEN: ${{ secrets.GH_PERSONAL_ACCESS_TOKEN }}
