name: "Flake.lock: update Nix dependencies"

on:
  workflow_dispatch: # allow manual runs
  schedule:
    - cron: "0 12 * * 6" # every Saturday 12:00 UTC

jobs:
  nix-flake-update:
    permissions:
      issues: write
      contents: write
      pull-requests: write
    runs-on: ubuntu-latest

    steps:
      - name: Checkout repository
        uses: actions/checkout@v6

      - name: Install Determinate Nix
        uses: DeterminateSystems/determinate-nix-action@v3

      - name: Update flake.lock
        uses: DeterminateSystems/update-flake-lock@main
        id: update
        with:
          commit-msg: "chore: bump flake.lock"
          pr-title: "chore: bump flake.lock"
          pr-labels: |
            dependencies
            automated

      - name: Enable auto-merge
        if: steps.update.outputs.pull-request-number != ''
        run: gh pr merge "${{ steps.update.outputs.pull-request-number }}" --auto --rebase
        env:
          GH_TOKEN: ${{ secrets.GITHUB_TOKEN }}
